// !$*UTF8*$!
{
	archiveVersion = 1;
	classes = {
	};
	objectVersion = 46;
	objects = {

/* Begin PBXBuildFile section */
		BA0B75EB1AF8BB7300479AD9 /* AppDelegate.swift in Sources */ = {isa = PBXBuildFile; fileRef = BA0B75EA1AF8BB7300479AD9 /* AppDelegate.swift */; };
		BA0B75ED1AF8BB7300479AD9 /* ViewController.swift in Sources */ = {isa = PBXBuildFile; fileRef = BA0B75EC1AF8BB7300479AD9 /* ViewController.swift */; };
		BA0B75F01AF8BB7300479AD9 /* Main.storyboard in Resources */ = {isa = PBXBuildFile; fileRef = BA0B75EE1AF8BB7300479AD9 /* Main.storyboard */; };
		BA0B75F21AF8BB7300479AD9 /* Images.xcassets in Resources */ = {isa = PBXBuildFile; fileRef = BA0B75F11AF8BB7300479AD9 /* Images.xcassets */; };
		BA0B75F51AF8BB7300479AD9 /* LaunchScreen.xib in Resources */ = {isa = PBXBuildFile; fileRef = BA0B75F31AF8BB7300479AD9 /* LaunchScreen.xib */; };
		BA0B76011AF8BB7300479AD9 /* Project4EasyBroswerTests.swift in Sources */ = {isa = PBXBuildFile; fileRef = BA0B76001AF8BB7300479AD9 /* Project4EasyBroswerTests.swift */; };
/* End PBXBuildFile section */

/* Begin PBXContainerItemProxy section */
		BA0B75FB1AF8BB7300479AD9 /* PBXContainerItemProxy */ = {
			isa = PBXContainerItemProxy;
			containerPortal = BA0B75DD1AF8BB7300479AD9 /* Project object */;
			proxyType = 1;
			remoteGlobalIDString = BA0B75E41AF8BB7300479AD9;
			remoteInfo = Project4EasyBroswer;
		};
/* End PBXContainerItemProxy section */

/* Begin PBXFileReference section */
		BA0B75E51AF8BB7300479AD9 /* Project4EasyBroswer.app */ = {isa = PBXFileReference; explicitFileType = wrapper.application; includeInIndex = 0; path = Project4EasyBroswer.app; sourceTree = BUILT_PRODUCTS_DIR; };
		BA0B75E91AF8BB7300479AD9 /* Info.plist */ = {isa = PBXFileReference; lastKnownFileType = text.plist.xml; path = Info.plist; sourceTree = "<group>"; };
		BA0B75EA1AF8BB7300479AD9 /* AppDelegate.swift */ = {isa = PBXFileReference; lastKnownFileType = sourcecode.swift; path = AppDelegate.swift; sourceTree = "<group>"; };
		BA0B75EC1AF8BB7300479AD9 /* ViewController.swift */ = {isa = PBXFileReference; lastKnownFileType = sourcecode.swift; path = ViewController.swift; sourceTree = "<group>"; };
		BA0B75EF1AF8BB7300479AD9 /* Base */ = {isa = PBXFileReference; lastKnownFileType = file.storyboard; name = Base; path = Base.lproj/Main.storyboard; sourceTree = "<group>"; };
		BA0B75F11AF8BB7300479AD9 /* Images.xcassets */ = {isa = PBXFileReference; lastKnownFileType = folder.assetcatalog; path = Images.xcassets; sourceTree = "<group>"; };
		BA0B75F41AF8BB7300479AD9 /* Base */ = {isa = PBXFileReference; lastKnownFileType = file.xib; name = Base; path = Base.lproj/LaunchScreen.xib; sourceTree = "<group>"; };
		BA0B75FA1AF8BB7300479AD9 /* Project4EasyBroswerTests.xctest */ = {isa = PBXFileReference; explicitFileType = wrapper.cfbundle; includeInIndex = 0; path = Project4EasyBroswerTests.xctest; sourceTree = BUILT_PRODUCTS_DIR; };
		BA0B75FF1AF8BB7300479AD9 /* Info.plist */ = {isa = PBXFileReference; lastKnownFileType = text.plist.xml; path = Info.plist; sourceTree = "<group>"; };
		BA0B76001AF8BB7300479AD9 /* Project4EasyBroswerTests.swift */ = {isa = PBXFileReference; lastKnownFileType = sourcecode.swift; path = Project4EasyBroswerTests.swift; sourceTree = "<group>"; };
/* End PBXFileReference section */

/* Begin PBXFrameworksBuildPhase section */
		BA0B75E21AF8BB7300479AD9 /* Frameworks */ = {
			isa = PBXFrameworksBuildPhase;
			buildActionMask = 2147483647;
			files = (
			);
			runOnlyForDeploymentPostprocessing = 0;
		};
		BA0B75F71AF8BB7300479AD9 /* Frameworks */ = {
			isa = PBXFrameworksBuildPhase;
			buildActionMask = 2147483647;
			files = (
			);
			runOnlyForDeploymentPostprocessing = 0;
		};
/* End PBXFrameworksBuildPhase section */

/* Begin PBXGroup section */
		BA0B75DC1AF8BB7300479AD9 = {
			isa = PBXGroup;
			children = (
				BA0B75E71AF8BB7300479AD9 /* Project4EasyBroswer */,
				BA0B75FD1AF8BB7300479AD9 /* Project4EasyBroswerTests */,
				BA0B75E61AF8BB7300479AD9 /* Products */,
			);
			sourceTree = "<group>";
		};
		BA0B75E61AF8BB7300479AD9 /* Products */ = {
			isa = PBXGroup;
			children = (
				BA0B75E51AF8BB7300479AD9 /* Project4EasyBroswer.app */,
				BA0B75FA1AF8BB7300479AD9 /* Project4EasyBroswerTests.xctest */,
			);
			name = Products;
			sourceTree = "<group>";
		};
		BA0B75E71AF8BB7300479AD9 /* Project4EasyBroswer */ = {
			isa = PBXGroup;
			children = (
				BA0B75EA1AF8BB7300479AD9 /* AppDelegate.swift */,
				BA0B75EC1AF8BB7300479AD9 /* ViewController.swift */,
				BA0B75EE1AF8BB7300479AD9 /* Main.storyboard */,
				BA0B75F11AF8BB7300479AD9 /* Images.xcassets */,
				BA0B75F31AF8BB7300479AD9 /* LaunchScreen.xib */,
				BA0B75E81AF8BB7300479AD9 /* Supporting Files */,
			);
			path = Project4EasyBroswer;
			sourceTree = "<group>";
		};
		BA0B75E81AF8BB7300479AD9 /* Supporting Files */ = {
			isa = PBXGroup;
			children = (
				BA0B75E91AF8BB7300479AD9 /* Info.plist */,
			);
			name = "Supporting Files";
			sourceTree = "<group>";
		};
		BA0B75FD1AF8BB7300479AD9 /* Project4EasyBroswerTests */ = {
			isa = PBXGroup;
			children = (
				BA0B76001AF8BB7300479AD9 /* Project4EasyBroswerTests.swift */,
				BA0B75FE1AF8BB7300479AD9 /* Supporting Files */,
			);
			path = Project4EasyBroswerTests;
			sourceTree = "<group>";
		};
		BA0B75FE1AF8BB7300479AD9 /* Supporting Files */ = {
			isa = PBXGroup;
			children = (
				BA0B75FF1AF8BB7300479AD9 /* Info.plist */,
			);
			name = "Supporting Files";
			sourceTree = "<group>";
		};
/* End PBXGroup section */

/* Begin PBXNativeTarget section */
		BA0B75E41AF8BB7300479AD9 /* Project4EasyBroswer */ = {
			isa = PBXNativeTarget;
			buildConfigurationList = BA0B76041AF8BB7300479AD9 /* Build configuration list for PBXNativeTarget "Project4EasyBroswer" */;
			buildPhases = (
				BA0B75E11AF8BB7300479AD9 /* Sources */,
				BA0B75E21AF8BB7300479AD9 /* Frameworks */,
				BA0B75E31AF8BB7300479AD9 /* Resources */,
			);
			buildRules = (
			);
			dependencies = (
			);
			name = Project4EasyBroswer;
			productName = Project4EasyBroswer;
			productReference = BA0B75E51AF8BB7300479AD9 /* Project4EasyBroswer.app */;
			productType = "com.apple.product-type.application";
		};
		BA0B75F91AF8BB7300479AD9 /* Project4EasyBroswerTests */ = {
			isa = PBXNativeTarget;
			buildConfigurationList = BA0B76071AF8BB7300479AD9 /* Build configuration list for PBXNativeTarget "Project4EasyBroswerTests" */;
			buildPhases = (
				BA0B75F61AF8BB7300479AD9 /* Sources */,
				BA0B75F71AF8BB7300479AD9 /* Frameworks */,
				BA0B75F81AF8BB7300479AD9 /* Resources */,
			);
			buildRules = (
			);
			dependencies = (
				BA0B75FC1AF8BB7300479AD9 /* PBXTargetDependency */,
			);
			name = Project4EasyBroswerTests;
			productName = Project4EasyBroswerTests;
			productReference = BA0B75FA1AF8BB7300479AD9 /* Project4EasyBroswerTests.xctest */;
			productType = "com.apple.product-type.bundle.unit-test";
		};
/* End PBXNativeTarget section */

/* Begin PBXProject section */
		BA0B75DD1AF8BB7300479AD9 /* Project object */ = {
			isa = PBXProject;
			attributes = {
				LastUpgradeCheck = 0630;
				ORGANIZATIONNAME = Henry;
				TargetAttributes = {
					BA0B75E41AF8BB7300479AD9 = {
						CreatedOnToolsVersion = 6.3.1;
					};
					BA0B75F91AF8BB7300479AD9 = {
						CreatedOnToolsVersion = 6.3.1;
						TestTargetID = BA0B75E41AF8BB7300479AD9;
					};
				};
			};
			buildConfigurationList = BA0B75E01AF8BB7300479AD9 /* Build configuration list for PBXProject "Project4EasyBroswer" */;
			compatibilityVersion = "Xcode 3.2";
			developmentRegion = English;
			hasScannedForEncodings = 0;
			knownRegions = (
				en,
				Base,
			);
			mainGroup = BA0B75DC1AF8BB7300479AD9;
			productRefGroup = BA0B75E61AF8BB7300479AD9 /* Products */;
			projectDirPath = "";
			projectRoot = "";
			targets = (
				BA0B75E41AF8BB7300479AD9 /* Project4EasyBroswer */,
				BA0B75F91AF8BB7300479AD9 /* Project4EasyBroswerTests */,
			);
		};
/* End PBXProject section */

/* Begin PBXResourcesBuildPhase section */
		BA0B75E31AF8BB7300479AD9 /* Resources */ = {
			isa = PBXResourcesBuildPhase;
			buildActionMask = 2147483647;
			files = (
				BA0B75F01AF8BB7300479AD9 /* Main.storyboard in Resources */,
				BA0B75F51AF8BB7300479AD9 /* LaunchScreen.xib in Resources */,
				BA0B75F21AF8BB7300479AD9 /* Images.xcassets in Resources */,
			);
			runOnlyForDeploymentPostprocessing = 0;
		};
		BA0B75F81AF8BB7300479AD9 /* Resources */ = {
			isa = PBXResourcesBuildPhase;
			buildActionMask = 2147483647;
			files = (
			);
			runOnlyForDeploymentPostprocessing = 0;
		};
/* End PBXResourcesBuildPhase section */

/* Begin PBXSourcesBuildPhase section */
		BA0B75E11AF8BB7300479AD9 /* Sources */ = {
			isa = PBXSourcesBuildPhase;
			buildActionMask = 2147483647;
			files = (
				BA0B75ED1AF8BB7300479AD9 /* ViewController.swift in Sources */,
				BA0B75EB1AF8BB7300479AD9 /* AppDelegate.swift in Sources */,
			);
			runOnlyForDeploymentPostprocessing = 0;
		};
		BA0B75F61AF8BB7300479AD9 /* Sources */ = {
			isa = PBXSourcesBuildPhase;
			buildActionMask = 2147483647;
			files = (
				BA0B76011AF8BB7300479AD9 /* Project4EasyBroswerTests.swift in Sources */,
			);
			runOnlyForDeploymentPostprocessing = 0;
		};
/* End PBXSourcesBuildPhase section */

/* Begin PBXTargetDependency section */
		BA0B75FC1AF8BB7300479AD9 /* PBXTargetDependency */ = {
			isa = PBXTargetDependency;
			target = BA0B75E41AF8BB7300479AD9 /* Project4EasyBroswer */;
			targetProxy = BA0B75FB1AF8BB7300479AD9 /* PBXContainerItemProxy */;
		};
/* End PBXTargetDependency section */

/* Begin PBXVariantGroup section */
		BA0B75EE1AF8BB7300479AD9 /* Main.storyboard */ = {
			isa = PBXVariantGroup;
			children = (
				BA0B75EF1AF8BB7300479AD9 /* Base */,
			);
			name = Main.storyboard;
			sourceTree = "<group>";
		};
		BA0B75F31AF8BB7300479AD9 /* LaunchScreen.xib */ = {
			isa = PBXVariantGroup;
			children = (
				BA0B75F41AF8BB7300479AD9 /* Base */,
			);
			name = LaunchScreen.xib;
			sourceTree = "<group>";
		};
/* End PBXVariantGroup section */

/* Begin XCBuildConfiguration section */
		BA0B76021AF8BB7300479AD9 /* Debug */ = {
			isa = XCBuildConfiguration;
			buildSettings = {
				ALWAYS_SEARCH_USER_PATHS = NO;
				CLANG_CXX_LANGUAGE_STANDARD = "gnu++0x";
				CLANG_CXX_LIBRARY = "libc++";
				CLANG_ENABLE_MODULES = YES;
				CLANG_ENABLE_OBJC_ARC = YES;
				CLANG_WARN_BOOL_CONVERSION = YES;
				CLANG_WARN_CONSTANT_CONVERSION = YES;
				CLANG_WARN_DIRECT_OBJC_ISA_USAGE = YES_ERROR;
				CLANG_WARN_EMPTY_BODY = YES;
				CLANG_WARN_ENUM_CONVERSION = YES;
				CLANG_WARN_INT_CONVERSION = YES;
				CLANG_WARN_OBJC_ROOT_CLASS = YES_ERROR;
				CLANG_WARN_UNREACHABLE_CODE = YES;
				CLANG_WARN__DUPLICATE_METHOD_MATCH = YES;
				"CODE_SIGN_IDENTITY[sdk=iphoneos*]" = "iPhone Developer";
				COPY_PHASE_STRIP = NO;
				DEBUG_INFORMATION_FORMAT = "dwarf-with-dsym";
				ENABLE_STRICT_OBJC_MSGSEND = YES;
				GCC_C_LANGUAGE_STANDARD = gnu99;
				GCC_DYNAMIC_NO_PIC = NO;
				GCC_NO_COMMON_BLOCKS = YES;
				GCC_OPTIMIZATION_LEVEL = 0;
				GCC_PREPROCESSOR_DEFINITIONS = (
					"DEBUG=1",
					"$(inherited)",
				);
				GCC_SYMBOLS_PRIVATE_EXTERN = NO;
				GCC_WARN_64_TO_32_BIT_CONVERSION = YES;
				GCC_WARN_ABOUT_RETURN_TYPE = YES_ERROR;
				GCC_WARN_UNDECLARED_SELECTOR = YES;
				GCC_WARN_UNINITIALIZED_AUTOS = YES_AGGRESSIVE;
				GCC_WARN_UNUSED_FUNCTION = YES;
				GCC_WARN_UNUSED_VARIABLE = YES;
				IPHONEOS_DEPLOYMENT_TARGET = 8.3;
				MTL_ENABLE_DEBUG_INFO = YES;
				ONLY_ACTIVE_ARCH = YES;
				SDKROOT = iphoneos;
				SWIFT_OPTIMIZATION_LEVEL = "-Onone";
				TARGETED_DEVICE_FAMILY = "1,2";
			};
			name = Debug;
		};
		BA0B76031AF8BB7300479AD9 /* Release */ = {
			isa = XCBuildConfiguration;
			buildSettings = {
				ALWAYS_SEARCH_USER_PATHS = NO;
				CLANG_CXX_LANGUAGE_STANDARD = "gnu++0x";
				CLANG_CXX_LIBRARY = "libc++";
				CLANG_ENABLE_MODULES = YES;
				CLANG_ENABLE_OBJC_ARC = YES;
				CLANG_WARN_BOOL_CONVERSION = YES;
				CLANG_WARN_CONSTANT_CONVERSION = YES;
				CLANG_WARN_DIRECT_OBJC_ISA_USAGE = YES_ERROR;
				CLANG_WARN_EMPTY_BODY = YES;
				CLANG_WARN_ENUM_CONVERSION = YES;
				CLANG_WARN_INT_CONVERSION = YES;
				CLANG_WARN_OBJC_ROOT_CLASS = YES_ERROR;
				CLANG_WARN_UNREACHABLE_CODE = YES;
				CLANG_WARN__DUPLICATE_METHOD_MATCH = YES;
				"CODE_SIGN_IDENTITY[sdk=iphoneos*]" = "iPhone Developer";
				COPY_PHASE_STRIP = NO;
				DEBUG_INFORMATION_FORMAT = "dwarf-with-dsym";
				ENABLE_NS_ASSERTIONS = NO;
				ENABLE_STRICT_OBJC_MSGSEND = YES;
				GCC_C_LANGUAGE_STANDARD = gnu99;
				GCC_NO_COMMON_BLOCKS = YES;
				GCC_WARN_64_TO_32_BIT_CONVERSION = YES;
				GCC_WARN_ABOUT_RETURN_TYPE = YES_ERROR;
				GCC_WARN_UNDECLARED_SELECTOR = YES;
				GCC_WARN_UNINITIALIZED_AUTOS = YES_AGGRESSIVE;
				GCC_WARN_UNUSED_FUNCTION = YES;
				GCC_WARN_UNUSED_VARIABLE = YES;
				IPHONEOS_DEPLOYMENT_TARGET = 8.3;
				MTL_ENABLE_DEBUG_INFO = NO;
				SDKROOT = iphoneos;
				TARGETED_DEVICE_FAMILY = "1,2";
				VALIDATE_PRODUCT = YES;
			};
			name = Release;
		};
		BA0B76051AF8BB7300479AD9 /* Debug */ = {
			isa = XCBuildConfiguration;
			buildSettings = {
				ASSETCATALOG_COMPILER_APPICON_NAME = AppIcon;
				INFOPLIST_FILE = Project4EasyBroswer/Info.plist;
				LD_RUNPATH_SEARCH_PATHS = "$(inherited) @executable_path/Frameworks";
				PRODUCT_NAME = "$(TARGET_NAME)";
			};
			name = Debug;
		};
		BA0B76061AF8BB7300479AD9 /* Release */ = {
			isa = XCBuildConfiguration;
			buildSettings = {
				ASSETCATALOG_COMPILER_APPICON_NAME = AppIcon;
				INFOPLIST_FILE = Project4EasyBroswer/Info.plist;
				LD_RUNPATH_SEARCH_PATHS = "$(inherited) @executable_path/Frameworks";
				PRODUCT_NAME = "$(TARGET_NAME)";
			};
			name = Release;
		};
		BA0B76081AF8BB7300479AD9 /* Debug */ = {
			isa = XCBuildConfiguration;
			buildSettings = {
				BUNDLE_LOADER = "$(TEST_HOST)";
				FRAMEWORK_SEARCH_PATHS = (
					"$(SDKROOT)/Developer/Library/Frameworks",
					"$(inherited)",
				);
				GCC_PREPROCESSOR_DEFINITIONS = (
					"DEBUG=1",
					"$(inherited)",
				);
				INFOPLIST_FILE = Project4EasyBroswerTests/Info.plist;
				LD_RUNPATH_SEARCH_PATHS = "$(inherited) @executable_path/Frameworks @loader_path/Frameworks";
				PRODUCT_NAME = "$(TARGET_NAME)";
				TEST_HOST = "$(BUILT_PRODUCTS_DIR)/Project4EasyBroswer.app/Project4EasyBroswer";
			};
			name = Debug;
		};
		BA0B76091AF8BB7300479AD9 /* Release */ = {
			isa = XCBuildConfiguration;
			buildSettings = {
				BUNDLE_LOADER = "$(TEST_HOST)";
				FRAMEWORK_SEARCH_PATHS = (
					"$(SDKROOT)/Developer/Library/Frameworks",
					"$(inherited)",
				);
				INFOPLIST_FILE = Project4EasyBroswerTests/Info.plist;
				LD_RUNPATH_SEARCH_PATHS = "$(inherited) @executable_path/Frameworks @loader_path/Frameworks";
				PRODUCT_NAME = "$(TARGET_NAME)";
				TEST_HOST = "$(BUILT_PRODUCTS_DIR)/Project4EasyBroswer.app/Project4EasyBroswer";
			};
			name = Release;
		};
/* End XCBuildConfiguration section */

/* Begin XCConfigurationList section */
		BA0B75E01AF8BB7300479AD9 /* Build configuration list for PBXProject "Project4EasyBroswer" */ = {
			isa = XCConfigurationList;
			buildConfigurations = (
				BA0B76021AF8BB7300479AD9 /* Debug */,
				BA0B76031AF8BB7300479AD9 /* Release */,
			);
			defaultConfigurationIsVisible = 0;
			defaultConfigurationName = Release;
		};
		BA0B76041AF8BB7300479AD9 /* Build configuration list for PBXNativeTarget "Project4EasyBroswer" */ = {
			isa = XCConfigurationList;
			buildConfigurations = (
				BA0B76051AF8BB7300479AD9 /* Debug */,
				BA0B76061AF8BB7300479AD9 /* Release */,
			);
			defaultConfigurationIsVisible = 0;
		};
		BA0B76071AF8BB7300479AD9 /* Build configuration list for PBXNativeTarget "Project4EasyBroswerTests" */ = {
			isa = XCConfigurationList;
			buildConfigurations = (
				BA0B76081AF8BB7300479AD9 /* Debug */,
				BA0B76091AF8BB7300479AD9 /* Release */,
			);
			defaultConfigurationIsVisible = 0;
		};
/* End XCConfigurationList section */
	};
	rootObject = BA0B75DD1AF8BB7300479AD9 /* Project object */;
}
